
Microsoft Visual Studio Solution File, Format Version 12.00
# Visual Studio Version 17
VisualStudioVersion = 17.0.31903.59
MinimumVisualStudioVersion = 10.0.40219.1
Project("{9A19103F-16F7-4668-BE54-9A1E7A4F7556}") = "WinFormsApp1", "WinFormsApp1\WinFormsApp1.csproj", "{A9AF4898-5C32-4CE3-8A4A-B99B5AE2F8EF}"
EndProject
Project("{FAE04EC0-301F-11D3-BF4B-00C04F79EFBC}") = "WinFormsControlLibrary1", "WinFormsControlLibrary1\WinFormsControlLibrary1.csproj", "{D86E3EA3-373C-43BE-9704-EF76C9BBF254}"
EndProject
Global
	GlobalSection(SolutionConfigurationPlatforms) = preSolution
		Debug|Any CPU = Debug|Any CPU
		Release|Any CPU = Release|Any CPU
	EndGlobalSection
	GlobalSection(ProjectConfigurationPlatforms) = postSolution
		{A9AF4898-5C32-4CE3-8A4A-B99B5AE2F8EF}.Debug|Any CPU.ActiveCfg = Debug|Any CPU
		{A9AF4898-5C32-4CE3-8A4A-B99B5AE2F8EF}.Debug|Any CPU.Build.0 = Debug|Any CPU
		{A9AF4898-5C32-4CE3-8A4A-B99B5AE2F8EF}.Release|Any CPU.ActiveCfg = Release|Any CPU
		{A9AF4898-5C32-4CE3-8A4A-B99B5AE2F8EF}.Release|Any CPU.Build.0 = Release|Any CPU
		{D86E3EA3-373C-43BE-9704-EF76C9BBF254}.Debug|Any CPU.ActiveCfg = Debug|Any CPU
		{D86E3EA3-373C-43BE-9704-EF76C9BBF254}.Debug|Any CPU.Build.0 = Debug|Any CPU
		{D86E3EA3-373C-43BE-9704-EF76C9BBF254}.Release|Any CPU.ActiveCfg = Release|Any CPU
		{D86E3EA3-373C-43BE-9704-EF76C9BBF254}.Release|Any CPU.Build.0 = Release|Any CPU
	EndGlobalSection
	GlobalSection(SolutionProperties) = preSolution
		HideSolutionNode = FALSE
	EndGlobalSection
EndGlobal
